{
    "name": "freecbt",
    "lockfileVersion": 3,
    "requires": true,
    "packages": {
        "": {
            "hasInstallScript": true,
            "devDependencies": {
                "run-pty": "^4.0.4"
            }
        },
        "node_modules/nan": {
            "version": "2.17.0",
            "resolved": "https://registry.npmjs.org/nan/-/nan-2.17.0.tgz",
            "integrity": "sha512-2ZTgtl0nJsO0KQCjEpxcIr5D+Yv90plTitZt9JBfQvVJDS5seMl3FOvsh3+9CoYWXf/1l5OaZzzF6nDm4cagaQ==",
            "dev": true,
            "license": "MIT"
        },
        "node_modules/node-pty": {
            "version": "1.0.0",
            "resolved": "https://registry.npmjs.org/node-pty/-/node-pty-1.0.0.tgz",
            "integrity": "sha512-wtBMWWS7dFZm/VgqElrTvtfMq4GzJ6+edFI0Y0zyzygUSZMgZdraDUMUhCIvkjhJjme15qWmbyJbtAx4ot4uZA==",
            "dev": true,
            "hasInstallScript": true,
            "license": "MIT",
            "dependencies": {
                "nan": "^2.17.0"
            }
        },
        "node_modules/run-pty": {
            "version": "4.0.4",
            "resolved": "https://registry.npmjs.org/run-pty/-/run-pty-4.0.4.tgz",
            "integrity": "sha512-VLykjALcr5PyCPqVWZEqyqyGiHBnLaZmfelCvMfcFNOiKSif1bt0e4XoJSQtoX+ilKP80DWVNLfeDUnk9SWArA==",
            "dev": true,
            "license": "MIT",
            "dependencies": {
                "node-pty": "^1.0.0",
                "tiny-decoders": "^7.0.1"
            },
            "bin": {
                "run-pty": "run-pty.js"
            }
        },
        "node_modules/tiny-decoders": {
            "version": "7.0.1",
            "resolved": "https://registry.npmjs.org/tiny-decoders/-/tiny-decoders-7.0.1.tgz",
            "integrity": "sha512-P1LaHTLASl/lCrdtwgAAVwxt4bEAPmxpf9HMQrlCkAseaT8oH8oxm8ndy4nx5rLTcL5U/Qxp1a+FDoQfS/ZgQQ==",
            "dev": true,
            "license": "MIT"
        }
    }
}
